# This file is autogenerated, do not edit; changes may be undone by the next 'dep ensure'.


[[projects]]
  branch = "development"
  name = "bitbucket.org/kudoindonesia/microservice_order"
  packages = ["helpers/uuid"]
  revision = "a8cbdbe43f708b656a84ab16873735abc2886f66"

[[projects]]
  name = "github.com/satori/go.uuid"
  packages = ["."]
  revision = "f58768cc1a7a7e77a3bd49e98cdd21419399b6a3"
  version = "v1.2.0"

[[projects]]
  branch = "v2"
  name = "gopkg.in/mgo.v2"
  packages = [
    ".",
    "bson",
    "internal/json",
    "internal/sasl",
    "internal/scram"
  ]
  revision = "3f83fa5005286a7fe593b055f0d7771a7dce4655"

[solve-meta]
  analyzer-name = "dep"
  analyzer-version = 1
  inputs-digest = "892fad3f6f364cfa897f739bfabf1ad4295c82667f2a6ab7336e882afe4c21d4"
  solver-name = "gps-cdcl"
  solver-version = 1
